
Microsoft Visual Studio Solution File, Format Version 12.00
# Visual Studio Version 17
VisualStudioVersion = 17.2.32516.85
MinimumVisualStudioVersion = 10.0.40219.1
Project("{FAE04EC0-301F-11D3-BF4B-00C04F79EFBC}") = "AddressBook", "AddressBook\AddressBook.csproj", "{1C36AC7C-37E3-4778-B656-32BC9DB46814}"
EndProject
Global
	GlobalSection(SolutionConfigurationPlatforms) = preSolution
		Debug|Any CPU = Debug|Any CPU
		Release|Any CPU = Release|Any CPU
	EndGlobalSection
	GlobalSection(ProjectConfigurationPlatforms) = postSolution
		{1C36AC7C-37E3-4778-B656-32BC9DB46814}.Debug|Any CPU.ActiveCfg = Debug|Any CPU
		{1C36AC7C-37E3-4778-B656-32BC9DB46814}.Debug|Any CPU.Build.0 = Debug|Any CPU
		{1C36AC7C-37E3-4778-B656-32BC9DB46814}.Release|Any CPU.ActiveCfg = Release|Any CPU
		{1C36AC7C-37E3-4778-B656-32BC9DB46814}.Release|Any CPU.Build.0 = Release|Any CPU
	EndGlobalSection
	GlobalSection(SolutionProperties) = preSolution
		HideSolutionNode = FALSE
	EndGlobalSection
	GlobalSection(ExtensibilityGlobals) = postSolution
		SolutionGuid = {CED80D2C-5E64-45D0-82A0-F90D6E89883B}
	EndGlobalSection
EndGlobal
