
Microsoft Visual Studio Solution File, Format Version 12.00
# Visual Studio Version 17
VisualStudioVersion = 17.2.32516.85
MinimumVisualStudioVersion = 10.0.40219.1
Project("{FAE04EC0-301F-11D3-BF4B-00C04F79EFBC}") = "Inventary.Json", "Inventary.Json\Inventary.Json.csproj", "{0BC9DD5F-000C-43DE-9742-0066B30286C6}"
EndProject
Global
	GlobalSection(SolutionConfigurationPlatforms) = preSolution
		Debug|Any CPU = Debug|Any CPU
		Release|Any CPU = Release|Any CPU
	EndGlobalSection
	GlobalSection(ProjectConfigurationPlatforms) = postSolution
		{0BC9DD5F-000C-43DE-9742-0066B30286C6}.Debug|Any CPU.ActiveCfg = Debug|Any CPU
		{0BC9DD5F-000C-43DE-9742-0066B30286C6}.Debug|Any CPU.Build.0 = Debug|Any CPU
		{0BC9DD5F-000C-43DE-9742-0066B30286C6}.Release|Any CPU.ActiveCfg = Release|Any CPU
		{0BC9DD5F-000C-43DE-9742-0066B30286C6}.Release|Any CPU.Build.0 = Release|Any CPU
	EndGlobalSection
	GlobalSection(SolutionProperties) = preSolution
		HideSolutionNode = FALSE
	EndGlobalSection
	GlobalSection(ExtensibilityGlobals) = postSolution
		SolutionGuid = {0BA905E0-924B-416D-9F46-D421122B746D}
	EndGlobalSection
EndGlobal
