
Microsoft Visual Studio Solution File, Format Version 12.00
# Visual Studio Version 17
VisualStudioVersion = 17.2.32516.85
MinimumVisualStudioVersion = 10.0.40219.1
Project("{FAE04EC0-301F-11D3-BF4B-00C04F79EFBC}") = "JsonDemo", "JsonDemo\JsonDemo.csproj", "{B6B2AA45-4111-46F1-B0F5-B02C365F90A4}"
EndProject
Global
	GlobalSection(SolutionConfigurationPlatforms) = preSolution
		Debug|Any CPU = Debug|Any CPU
		Release|Any CPU = Release|Any CPU
	EndGlobalSection
	GlobalSection(ProjectConfigurationPlatforms) = postSolution
		{B6B2AA45-4111-46F1-B0F5-B02C365F90A4}.Debug|Any CPU.ActiveCfg = Debug|Any CPU
		{B6B2AA45-4111-46F1-B0F5-B02C365F90A4}.Debug|Any CPU.Build.0 = Debug|Any CPU
		{B6B2AA45-4111-46F1-B0F5-B02C365F90A4}.Release|Any CPU.ActiveCfg = Release|Any CPU
		{B6B2AA45-4111-46F1-B0F5-B02C365F90A4}.Release|Any CPU.Build.0 = Release|Any CPU
	EndGlobalSection
	GlobalSection(SolutionProperties) = preSolution
		HideSolutionNode = FALSE
	EndGlobalSection
	GlobalSection(ExtensibilityGlobals) = postSolution
		SolutionGuid = {94D800A3-AE7B-49D6-B7EC-533256741BF8}
	EndGlobalSection
EndGlobal
